hash: e3b0c44298fc1c149afbf4c8996fb92427ae41e4649b934ca495991b7852b855
updated: 2016-02-11T16:08:16.510195586Z
imports:
- name: github.com/arschles/assert
  version: 6882f85ccdc7c1822b146d1a6b0c2c48f91b5140
- name: github.com/fsouza/go-dockerclient
  version: 0099401a7342ad77e71ca9f9a57c5e72fb80f6b2
- name: github.com/gorilla/context
  version: 1c83b3eabd45b6d76072b66b746c20815fb2872d
  repo: https://github.com/gorilla/context
- name: github.com/gorilla/mux
  version: 26a6070f849969ba72b72256e9f14cf519751690
- name: github.com/kelseyhightower/envconfig
  version: 12c18e8343f6eb5fc3a9d5c8dc353e42e6bb40b9
- name: github.com/pborman/uuid
  version: 0f1a46960a86dcdf5dd30d3e6568a497a997909f
devImports: []
